
Microsoft Visual Studio Solution File, Format Version 12.00
# Visual Studio 15
VisualStudioVersion = 15.0.27428.2015
MinimumVisualStudioVersion = 10.0.40219.1
Project("{8BC9CEB8-8B4A-11D0-8D11-00A0C91BC942}") = "Lab6", "Lab6.vcxproj", "{417616F2-B146-4E7C-AC90-EFCB6BBC79D6}"
EndProject
Global
	GlobalSection(SolutionConfigurationPlatforms) = preSolution
		Launch|x64 = Launch|x64
		Launch|x86 = Launch|x86
	EndGlobalSection
	GlobalSection(ProjectConfigurationPlatforms) = postSolution
		{417616F2-B146-4E7C-AC90-EFCB6BBC79D6}.Launch|x64.ActiveCfg = Debug|x64
		{417616F2-B146-4E7C-AC90-EFCB6BBC79D6}.Launch|x64.Build.0 = Debug|x64
		{417616F2-B146-4E7C-AC90-EFCB6BBC79D6}.Launch|x86.ActiveCfg = Debug|Win32
		{417616F2-B146-4E7C-AC90-EFCB6BBC79D6}.Launch|x86.Build.0 = Debug|Win32
	EndGlobalSection
	GlobalSection(SolutionProperties) = preSolution
		HideSolutionNode = FALSE
	EndGlobalSection
	GlobalSection(ExtensibilityGlobals) = postSolution
		SolutionGuid = {68B53B0F-CDE5-464F-A6EE-96A131988330}
	EndGlobalSection
EndGlobal
